
Microsoft Visual Studio Solution File, Format Version 12.00
# Visual Studio Version 17
VisualStudioVersion = 17.5.002.0
MinimumVisualStudioVersion = 10.0.40219.1
Project("{2150E333-8FDC-42A3-9474-1A3956D46DE8}") = "prepare", "prepare", "{97A3F2E5-C404-4FCD-9229-A4A38C173294}"
EndProject
Project("{9A19103F-16F7-4668-BE54-9A1E7A4F7556}") = "Learning02", "prepare\Learning02\Learning02.csproj", "{EED4562A-4EB3-4AD4-A132-3984AA0775E3}"
EndProject
Project("{9A19103F-16F7-4668-BE54-9A1E7A4F7556}") = "Learning05", "prepare\Learning05\Learning05.csproj", "{376BFACA-4B80-41CF-A711-58808E84EA4A}"
EndProject
Project("{9A19103F-16F7-4668-BE54-9A1E7A4F7556}") = "Learning04", "prepare\Learning04\Learning04.csproj", "{F228C484-DDA2-41CD-95ED-DE71B60FE4C0}"
EndProject
Project("{9A19103F-16F7-4668-BE54-9A1E7A4F7556}") = "Learning03", "prepare\Learning03\Learning03.csproj", "{0225462A-2534-4FD7-BA15-C9F018F1CD6A}"
EndProject
Project("{2150E333-8FDC-42A3-9474-1A3956D46DE8}") = "prove", "prove", "{F98446DB-843C-4CA3-8B3D-5BE7B66645A7}"
EndProject
Project("{9A19103F-16F7-4668-BE54-9A1E7A4F7556}") = "Develop03", "prove\Develop03\Develop03.csproj", "{53FF3055-4BD0-4748-A883-C86491BA6669}"
EndProject
Project("{9A19103F-16F7-4668-BE54-9A1E7A4F7556}") = "Develop04", "prove\Develop04\Develop04.csproj", "{3A44F9C1-5343-448D-B488-0F757D005A3C}"
EndProject
Project("{9A19103F-16F7-4668-BE54-9A1E7A4F7556}") = "Develop05", "prove\Develop05\Develop05.csproj", "{B6DADAAB-63ED-4D2A-8BC7-41061E9B7DB2}"
EndProject
Project("{9A19103F-16F7-4668-BE54-9A1E7A4F7556}") = "Develop02", "prove\Develop02\Develop02.csproj", "{CD2A4640-9634-4E14-8B67-B26818C7CF6F}"
EndProject
Project("{2150E333-8FDC-42A3-9474-1A3956D46DE8}") = "sandbox", "sandbox", "{14E9E91D-BBDD-4C5E-AC47-07661A061EEE}"
EndProject
Project("{9A19103F-16F7-4668-BE54-9A1E7A4F7556}") = "Sandbox", "sandbox\Sandbox\Sandbox.csproj", "{5F3E31B9-50A3-4A40-B28A-85D8BE1CCE1C}"
EndProject
Project("{2150E333-8FDC-42A3-9474-1A3956D46DE8}") = "final", "final", "{3517AA85-BDC0-498C-A6CA-5AE0856B4E69}"
EndProject
Project("{9A19103F-16F7-4668-BE54-9A1E7A4F7556}") = "FinalProject", "final\FinalProject\FinalProject.csproj", "{25F1FB15-EA78-46C0-B6EF-6D1F89B5540E}"
EndProject
Project("{9A19103F-16F7-4668-BE54-9A1E7A4F7556}") = "Foundation1", "final\Foundation1\Foundation1.csproj", "{654F42E2-E7B1-47C5-9601-43CC77136721}"
EndProject
Project("{9A19103F-16F7-4668-BE54-9A1E7A4F7556}") = "Foundation4", "final\Foundation4\Foundation4.csproj", "{16F8D93D-5C27-4D3D-9B44-0BAD7964066D}"
EndProject
Project("{9A19103F-16F7-4668-BE54-9A1E7A4F7556}") = "Foundation3", "final\Foundation3\Foundation3.csproj", "{8F156B63-24EB-490C-AC3C-64716B05057C}"
EndProject
Project("{9A19103F-16F7-4668-BE54-9A1E7A4F7556}") = "Foundation2", "final\Foundation2\Foundation2.csproj", "{B22674CD-F106-49C5-BF80-009FFDFA49BD}"
EndProject
Project("{2150E333-8FDC-42A3-9474-1A3956D46DE8}") = "csharp-prep", "csharp-prep", "{A9522029-F099-4FA1-A5B3-AF604C114AA5}"
EndProject
Project("{9A19103F-16F7-4668-BE54-9A1E7A4F7556}") = "Prep1", "csharp-prep\Prep1\Prep1.csproj", "{018F8124-36EC-46E6-AC3F-F3082C8C3058}"
EndProject
Project("{9A19103F-16F7-4668-BE54-9A1E7A4F7556}") = "Prep5", "csharp-prep\Prep5\Prep5.csproj", "{110EDC0B-E3E3-488E-A4CF-3C3E213E5431}"
EndProject
Project("{9A19103F-16F7-4668-BE54-9A1E7A4F7556}") = "Prep2", "csharp-prep\Prep2\Prep2.csproj", "{47D36CCD-0580-438A-8112-DFAAACC5F40F}"
EndProject
Project("{9A19103F-16F7-4668-BE54-9A1E7A4F7556}") = "Prep3", "csharp-prep\Prep3\Prep3.csproj", "{F8ED29A3-0EC2-49F9-9085-AFEA01AB31D4}"
EndProject
Project("{9A19103F-16F7-4668-BE54-9A1E7A4F7556}") = "Prep4", "csharp-prep\Prep4\Prep4.csproj", "{890F5CD1-6E57-43CC-9645-F5A978EA0486}"
EndProject
Global
	GlobalSection(SolutionConfigurationPlatforms) = preSolution
		Debug|Any CPU = Debug|Any CPU
		Release|Any CPU = Release|Any CPU
	EndGlobalSection
	GlobalSection(ProjectConfigurationPlatforms) = postSolution
		{EED4562A-4EB3-4AD4-A132-3984AA0775E3}.Debug|Any CPU.ActiveCfg = Debug|Any CPU
		{EED4562A-4EB3-4AD4-A132-3984AA0775E3}.Debug|Any CPU.Build.0 = Debug|Any CPU
		{EED4562A-4EB3-4AD4-A132-3984AA0775E3}.Release|Any CPU.ActiveCfg = Release|Any CPU
		{EED4562A-4EB3-4AD4-A132-3984AA0775E3}.Release|Any CPU.Build.0 = Release|Any CPU
		{376BFACA-4B80-41CF-A711-58808E84EA4A}.Debug|Any CPU.ActiveCfg = Debug|Any CPU
		{376BFACA-4B80-41CF-A711-58808E84EA4A}.Debug|Any CPU.Build.0 = Debug|Any CPU
		{376BFACA-4B80-41CF-A711-58808E84EA4A}.Release|Any CPU.ActiveCfg = Release|Any CPU
		{376BFACA-4B80-41CF-A711-58808E84EA4A}.Release|Any CPU.Build.0 = Release|Any CPU
		{F228C484-DDA2-41CD-95ED-DE71B60FE4C0}.Debug|Any CPU.ActiveCfg = Debug|Any CPU
		{F228C484-DDA2-41CD-95ED-DE71B60FE4C0}.Debug|Any CPU.Build.0 = Debug|Any CPU
		{F228C484-DDA2-41CD-95ED-DE71B60FE4C0}.Release|Any CPU.ActiveCfg = Release|Any CPU
		{F228C484-DDA2-41CD-95ED-DE71B60FE4C0}.Release|Any CPU.Build.0 = Release|Any CPU
		{0225462A-2534-4FD7-BA15-C9F018F1CD6A}.Debug|Any CPU.ActiveCfg = Debug|Any CPU
		{0225462A-2534-4FD7-BA15-C9F018F1CD6A}.Debug|Any CPU.Build.0 = Debug|Any CPU
		{0225462A-2534-4FD7-BA15-C9F018F1CD6A}.Release|Any CPU.ActiveCfg = Release|Any CPU
		{0225462A-2534-4FD7-BA15-C9F018F1CD6A}.Release|Any CPU.Build.0 = Release|Any CPU
		{53FF3055-4BD0-4748-A883-C86491BA6669}.Debug|Any CPU.ActiveCfg = Debug|Any CPU
		{53FF3055-4BD0-4748-A883-C86491BA6669}.Debug|Any CPU.Build.0 = Debug|Any CPU
		{53FF3055-4BD0-4748-A883-C86491BA6669}.Release|Any CPU.ActiveCfg = Release|Any CPU
		{53FF3055-4BD0-4748-A883-C86491BA6669}.Release|Any CPU.Build.0 = Release|Any CPU
		{3A44F9C1-5343-448D-B488-0F757D005A3C}.Debug|Any CPU.ActiveCfg = Debug|Any CPU
		{3A44F9C1-5343-448D-B488-0F757D005A3C}.Debug|Any CPU.Build.0 = Debug|Any CPU
		{3A44F9C1-5343-448D-B488-0F757D005A3C}.Release|Any CPU.ActiveCfg = Release|Any CPU
		{3A44F9C1-5343-448D-B488-0F757D005A3C}.Release|Any CPU.Build.0 = Release|Any CPU
		{B6DADAAB-63ED-4D2A-8BC7-41061E9B7DB2}.Debug|Any CPU.ActiveCfg = Debug|Any CPU
		{B6DADAAB-63ED-4D2A-8BC7-41061E9B7DB2}.Debug|Any CPU.Build.0 = Debug|Any CPU
		{B6DADAAB-63ED-4D2A-8BC7-41061E9B7DB2}.Release|Any CPU.ActiveCfg = Release|Any CPU
		{B6DADAAB-63ED-4D2A-8BC7-41061E9B7DB2}.Release|Any CPU.Build.0 = Release|Any CPU
		{CD2A4640-9634-4E14-8B67-B26818C7CF6F}.Debug|Any CPU.ActiveCfg = Debug|Any CPU
		{CD2A4640-9634-4E14-8B67-B26818C7CF6F}.Debug|Any CPU.Build.0 = Debug|Any CPU
		{CD2A4640-9634-4E14-8B67-B26818C7CF6F}.Release|Any CPU.ActiveCfg = Release|Any CPU
		{CD2A4640-9634-4E14-8B67-B26818C7CF6F}.Release|Any CPU.Build.0 = Release|Any CPU
		{5F3E31B9-50A3-4A40-B28A-85D8BE1CCE1C}.Debug|Any CPU.ActiveCfg = Debug|Any CPU
		{5F3E31B9-50A3-4A40-B28A-85D8BE1CCE1C}.Debug|Any CPU.Build.0 = Debug|Any CPU
		{5F3E31B9-50A3-4A40-B28A-85D8BE1CCE1C}.Release|Any CPU.ActiveCfg = Release|Any CPU
		{5F3E31B9-50A3-4A40-B28A-85D8BE1CCE1C}.Release|Any CPU.Build.0 = Release|Any CPU
		{25F1FB15-EA78-46C0-B6EF-6D1F89B5540E}.Debug|Any CPU.ActiveCfg = Debug|Any CPU
		{25F1FB15-EA78-46C0-B6EF-6D1F89B5540E}.Debug|Any CPU.Build.0 = Debug|Any CPU
		{25F1FB15-EA78-46C0-B6EF-6D1F89B5540E}.Release|Any CPU.ActiveCfg = Release|Any CPU
		{25F1FB15-EA78-46C0-B6EF-6D1F89B5540E}.Release|Any CPU.Build.0 = Release|Any CPU
		{654F42E2-E7B1-47C5-9601-43CC77136721}.Debug|Any CPU.ActiveCfg = Debug|Any CPU
		{654F42E2-E7B1-47C5-9601-43CC77136721}.Debug|Any CPU.Build.0 = Debug|Any CPU
		{654F42E2-E7B1-47C5-9601-43CC77136721}.Release|Any CPU.ActiveCfg = Release|Any CPU
		{654F42E2-E7B1-47C5-9601-43CC77136721}.Release|Any CPU.Build.0 = Release|Any CPU
		{16F8D93D-5C27-4D3D-9B44-0BAD7964066D}.Debug|Any CPU.ActiveCfg = Debug|Any CPU
		{16F8D93D-5C27-4D3D-9B44-0BAD7964066D}.Debug|Any CPU.Build.0 = Debug|Any CPU
		{16F8D93D-5C27-4D3D-9B44-0BAD7964066D}.Release|Any CPU.ActiveCfg = Release|Any CPU
		{16F8D93D-5C27-4D3D-9B44-0BAD7964066D}.Release|Any CPU.Build.0 = Release|Any CPU
		{8F156B63-24EB-490C-AC3C-64716B05057C}.Debug|Any CPU.ActiveCfg = Debug|Any CPU
		{8F156B63-24EB-490C-AC3C-64716B05057C}.Debug|Any CPU.Build.0 = Debug|Any CPU
		{8F156B63-24EB-490C-AC3C-64716B05057C}.Release|Any CPU.ActiveCfg = Release|Any CPU
		{8F156B63-24EB-490C-AC3C-64716B05057C}.Release|Any CPU.Build.0 = Release|Any CPU
		{B22674CD-F106-49C5-BF80-009FFDFA49BD}.Debug|Any CPU.ActiveCfg = Debug|Any CPU
		{B22674CD-F106-49C5-BF80-009FFDFA49BD}.Debug|Any CPU.Build.0 = Debug|Any CPU
		{B22674CD-F106-49C5-BF80-009FFDFA49BD}.Release|Any CPU.ActiveCfg = Release|Any CPU
		{B22674CD-F106-49C5-BF80-009FFDFA49BD}.Release|Any CPU.Build.0 = Release|Any CPU
		{018F8124-36EC-46E6-AC3F-F3082C8C3058}.Debug|Any CPU.ActiveCfg = Debug|Any CPU
		{018F8124-36EC-46E6-AC3F-F3082C8C3058}.Debug|Any CPU.Build.0 = Debug|Any CPU
		{018F8124-36EC-46E6-AC3F-F3082C8C3058}.Release|Any CPU.ActiveCfg = Release|Any CPU
		{018F8124-36EC-46E6-AC3F-F3082C8C3058}.Release|Any CPU.Build.0 = Release|Any CPU
		{110EDC0B-E3E3-488E-A4CF-3C3E213E5431}.Debug|Any CPU.ActiveCfg = Debug|Any CPU
		{110EDC0B-E3E3-488E-A4CF-3C3E213E5431}.Debug|Any CPU.Build.0 = Debug|Any CPU
		{110EDC0B-E3E3-488E-A4CF-3C3E213E5431}.Release|Any CPU.ActiveCfg = Release|Any CPU
		{110EDC0B-E3E3-488E-A4CF-3C3E213E5431}.Release|Any CPU.Build.0 = Release|Any CPU
		{47D36CCD-0580-438A-8112-DFAAACC5F40F}.Debug|Any CPU.ActiveCfg = Debug|Any CPU
		{47D36CCD-0580-438A-8112-DFAAACC5F40F}.Debug|Any CPU.Build.0 = Debug|Any CPU
		{47D36CCD-0580-438A-8112-DFAAACC5F40F}.Release|Any CPU.ActiveCfg = Release|Any CPU
		{47D36CCD-0580-438A-8112-DFAAACC5F40F}.Release|Any CPU.Build.0 = Release|Any CPU
		{F8ED29A3-0EC2-49F9-9085-AFEA01AB31D4}.Debug|Any CPU.ActiveCfg = Debug|Any CPU
		{F8ED29A3-0EC2-49F9-9085-AFEA01AB31D4}.Debug|Any CPU.Build.0 = Debug|Any CPU
		{F8ED29A3-0EC2-49F9-9085-AFEA01AB31D4}.Release|Any CPU.ActiveCfg = Release|Any CPU
		{F8ED29A3-0EC2-49F9-9085-AFEA01AB31D4}.Release|Any CPU.Build.0 = Release|Any CPU
		{890F5CD1-6E57-43CC-9645-F5A978EA0486}.Debug|Any CPU.ActiveCfg = Debug|Any CPU
		{890F5CD1-6E57-43CC-9645-F5A978EA0486}.Debug|Any CPU.Build.0 = Debug|Any CPU
		{890F5CD1-6E57-43CC-9645-F5A978EA0486}.Release|Any CPU.ActiveCfg = Release|Any CPU
		{890F5CD1-6E57-43CC-9645-F5A978EA0486}.Release|Any CPU.Build.0 = Release|Any CPU
	EndGlobalSection
	GlobalSection(SolutionProperties) = preSolution
		HideSolutionNode = FALSE
	EndGlobalSection
	GlobalSection(NestedProjects) = preSolution
		{EED4562A-4EB3-4AD4-A132-3984AA0775E3} = {97A3F2E5-C404-4FCD-9229-A4A38C173294}
		{376BFACA-4B80-41CF-A711-58808E84EA4A} = {97A3F2E5-C404-4FCD-9229-A4A38C173294}
		{F228C484-DDA2-41CD-95ED-DE71B60FE4C0} = {97A3F2E5-C404-4FCD-9229-A4A38C173294}
		{0225462A-2534-4FD7-BA15-C9F018F1CD6A} = {97A3F2E5-C404-4FCD-9229-A4A38C173294}
		{53FF3055-4BD0-4748-A883-C86491BA6669} = {F98446DB-843C-4CA3-8B3D-5BE7B66645A7}
		{3A44F9C1-5343-448D-B488-0F757D005A3C} = {F98446DB-843C-4CA3-8B3D-5BE7B66645A7}
		{B6DADAAB-63ED-4D2A-8BC7-41061E9B7DB2} = {F98446DB-843C-4CA3-8B3D-5BE7B66645A7}
		{CD2A4640-9634-4E14-8B67-B26818C7CF6F} = {F98446DB-843C-4CA3-8B3D-5BE7B66645A7}
		{5F3E31B9-50A3-4A40-B28A-85D8BE1CCE1C} = {14E9E91D-BBDD-4C5E-AC47-07661A061EEE}
		{25F1FB15-EA78-46C0-B6EF-6D1F89B5540E} = {3517AA85-BDC0-498C-A6CA-5AE0856B4E69}
		{654F42E2-E7B1-47C5-9601-43CC77136721} = {3517AA85-BDC0-498C-A6CA-5AE0856B4E69}
		{16F8D93D-5C27-4D3D-9B44-0BAD7964066D} = {3517AA85-BDC0-498C-A6CA-5AE0856B4E69}
		{8F156B63-24EB-490C-AC3C-64716B05057C} = {3517AA85-BDC0-498C-A6CA-5AE0856B4E69}
		{B22674CD-F106-49C5-BF80-009FFDFA49BD} = {3517AA85-BDC0-498C-A6CA-5AE0856B4E69}
		{018F8124-36EC-46E6-AC3F-F3082C8C3058} = {A9522029-F099-4FA1-A5B3-AF604C114AA5}
		{110EDC0B-E3E3-488E-A4CF-3C3E213E5431} = {A9522029-F099-4FA1-A5B3-AF604C114AA5}
		{47D36CCD-0580-438A-8112-DFAAACC5F40F} = {A9522029-F099-4FA1-A5B3-AF604C114AA5}
		{F8ED29A3-0EC2-49F9-9085-AFEA01AB31D4} = {A9522029-F099-4FA1-A5B3-AF604C114AA5}
		{890F5CD1-6E57-43CC-9645-F5A978EA0486} = {A9522029-F099-4FA1-A5B3-AF604C114AA5}
	EndGlobalSection
	GlobalSection(ExtensibilityGlobals) = postSolution
		SolutionGuid = {6C2DB0EB-D75B-4CC2-B5EA-2CCDF839C400}
	EndGlobalSection
EndGlobal
